
Microsoft Visual Studio Solution File, Format Version 12.00
# Visual Studio Version 16
VisualStudioVersion = 16.0.30114.105
MinimumVisualStudioVersion = 10.0.40219.1
Project("{2150E333-8FDC-42A3-9474-1A3956D46DE8}") = "Solution Items", "Solution Items", "{6FBCA960-16D7-44EF-AE70-FB5BC1CD3543}"
	ProjectSection(SolutionItems) = preProject
		.editorconfig = .editorconfig
	EndProjectSection
EndProject
Project("{9A19103F-16F7-4668-BE54-9A1E7A4F7556}") = "CosNet.API", "CosNet.API\CosNet.API.csproj", "{316113D6-5607-4368-9430-162EB846E609}"
EndProject
Project("{9A19103F-16F7-4668-BE54-9A1E7A4F7556}") = "CosNet.Shared", "CosNet.Shared\CosNet.Shared.csproj", "{88E8CD66-66BC-4613-84B9-E3860CE0045A}"
EndProject
Project("{9A19103F-16F7-4668-BE54-9A1E7A4F7556}") = "CosNet.IDP", "CosNet.IDP\CosNet.IDP.csproj", "{981DB379-4809-4FD3-98DC-DD3685FBC77C}"
EndProject
Project("{9A19103F-16F7-4668-BE54-9A1E7A4F7556}") = "CosNet.WebUI", "CosNet.WebUI\CosNet.WebUI.csproj", "{DA3A98CC-DBEB-46FD-855C-7E3317812274}"
EndProject
Global
	GlobalSection(SolutionConfigurationPlatforms) = preSolution
		Debug|Any CPU = Debug|Any CPU
		Release|Any CPU = Release|Any CPU
	EndGlobalSection
	GlobalSection(ProjectConfigurationPlatforms) = postSolution
		{316113D6-5607-4368-9430-162EB846E609}.Debug|Any CPU.ActiveCfg = Debug|Any CPU
		{316113D6-5607-4368-9430-162EB846E609}.Debug|Any CPU.Build.0 = Debug|Any CPU
		{316113D6-5607-4368-9430-162EB846E609}.Release|Any CPU.ActiveCfg = Release|Any CPU
		{316113D6-5607-4368-9430-162EB846E609}.Release|Any CPU.Build.0 = Release|Any CPU
		{88E8CD66-66BC-4613-84B9-E3860CE0045A}.Debug|Any CPU.ActiveCfg = Debug|Any CPU
		{88E8CD66-66BC-4613-84B9-E3860CE0045A}.Debug|Any CPU.Build.0 = Debug|Any CPU
		{88E8CD66-66BC-4613-84B9-E3860CE0045A}.Release|Any CPU.ActiveCfg = Release|Any CPU
		{88E8CD66-66BC-4613-84B9-E3860CE0045A}.Release|Any CPU.Build.0 = Release|Any CPU
		{981DB379-4809-4FD3-98DC-DD3685FBC77C}.Debug|Any CPU.ActiveCfg = Debug|Any CPU
		{981DB379-4809-4FD3-98DC-DD3685FBC77C}.Debug|Any CPU.Build.0 = Debug|Any CPU
		{981DB379-4809-4FD3-98DC-DD3685FBC77C}.Release|Any CPU.ActiveCfg = Release|Any CPU
		{981DB379-4809-4FD3-98DC-DD3685FBC77C}.Release|Any CPU.Build.0 = Release|Any CPU
		{DA3A98CC-DBEB-46FD-855C-7E3317812274}.Debug|Any CPU.ActiveCfg = Debug|Any CPU
		{DA3A98CC-DBEB-46FD-855C-7E3317812274}.Debug|Any CPU.Build.0 = Debug|Any CPU
		{DA3A98CC-DBEB-46FD-855C-7E3317812274}.Release|Any CPU.ActiveCfg = Release|Any CPU
		{DA3A98CC-DBEB-46FD-855C-7E3317812274}.Release|Any CPU.Build.0 = Release|Any CPU
	EndGlobalSection
	GlobalSection(SolutionProperties) = preSolution
		HideSolutionNode = FALSE
	EndGlobalSection
	GlobalSection(ExtensibilityGlobals) = postSolution
		SolutionGuid = {FCB55C6C-E56E-4D60-BE8B-88C87ECF6155}
	EndGlobalSection
EndGlobal
