
Microsoft Visual Studio Solution File, Format Version 12.00
# Visual Studio Version 16
VisualStudioVersion = 16.0.30114.105
MinimumVisualStudioVersion = 10.0.40219.1
Project("{9A19103F-16F7-4668-BE54-9A1E7A4F7556}") = "API", "Backend\API\API.csproj", "{76E2A21D-2DA0-4C5E-98E0-EF8F5B50F0B6}"
EndProject
Project("{9A19103F-16F7-4668-BE54-9A1E7A4F7556}") = "IDP", "Backend\IDP\IDP.csproj", "{F8F64FF3-007C-4D4D-B105-703238490B4C}"
EndProject
Project("{2150E333-8FDC-42A3-9474-1A3956D46DE8}") = "Solution Items", "Solution Items", "{6FBCA960-16D7-44EF-AE70-FB5BC1CD3543}"
	ProjectSection(SolutionItems) = preProject
		.editorconfig = .editorconfig
	EndProjectSection
EndProject
Global
	GlobalSection(SolutionConfigurationPlatforms) = preSolution
		Debug|Any CPU = Debug|Any CPU
		Release|Any CPU = Release|Any CPU
	EndGlobalSection
	GlobalSection(ProjectConfigurationPlatforms) = postSolution
		{76E2A21D-2DA0-4C5E-98E0-EF8F5B50F0B6}.Debug|Any CPU.ActiveCfg = Debug|Any CPU
		{76E2A21D-2DA0-4C5E-98E0-EF8F5B50F0B6}.Debug|Any CPU.Build.0 = Debug|Any CPU
		{76E2A21D-2DA0-4C5E-98E0-EF8F5B50F0B6}.Release|Any CPU.ActiveCfg = Release|Any CPU
		{76E2A21D-2DA0-4C5E-98E0-EF8F5B50F0B6}.Release|Any CPU.Build.0 = Release|Any CPU
		{F8F64FF3-007C-4D4D-B105-703238490B4C}.Debug|Any CPU.ActiveCfg = Debug|Any CPU
		{F8F64FF3-007C-4D4D-B105-703238490B4C}.Debug|Any CPU.Build.0 = Debug|Any CPU
		{F8F64FF3-007C-4D4D-B105-703238490B4C}.Release|Any CPU.ActiveCfg = Release|Any CPU
		{F8F64FF3-007C-4D4D-B105-703238490B4C}.Release|Any CPU.Build.0 = Release|Any CPU
	EndGlobalSection
	GlobalSection(SolutionProperties) = preSolution
		HideSolutionNode = FALSE
	EndGlobalSection
	GlobalSection(ExtensibilityGlobals) = postSolution
		SolutionGuid = {FCB55C6C-E56E-4D60-BE8B-88C87ECF6155}
	EndGlobalSection
EndGlobal
