
Microsoft Visual Studio Solution File, Format Version 12.00
# Visual Studio Version 16
VisualStudioVersion = 16.0.30114.105
MinimumVisualStudioVersion = 10.0.40219.1
Project("{2150E333-8FDC-42A3-9474-1A3956D46DE8}") = "Solution Items", "Solution Items", "{6FBCA960-16D7-44EF-AE70-FB5BC1CD3543}"
	ProjectSection(SolutionItems) = preProject
		.editorconfig = .editorconfig
	EndProjectSection
EndProject
Project("{FAE04EC0-301F-11D3-BF4B-00C04F79EFBC}") = "CosNet.WebUI", "CosNet.WebUI\CosNet.WebUI.csproj", "{64703D19-646B-4641-8D1B-11EA37694398}"
EndProject
Project("{FAE04EC0-301F-11D3-BF4B-00C04F79EFBC}") = "CosNet.WebUI.Server", "CosNet.WebUI.Server\CosNet.WebUI.Server.csproj", "{504E44F1-5D5E-4853-9D99-95D10F5C910D}"
EndProject
Project("{FAE04EC0-301F-11D3-BF4B-00C04F79EFBC}") = "CosNet.API", "CosNet.API\CosNet.API.csproj", "{316113D6-5607-4368-9430-162EB846E609}"
EndProject
Project("{FAE04EC0-301F-11D3-BF4B-00C04F79EFBC}") = "CosNet.Shared", "CosNet.Shared\CosNet.Shared.csproj", "{88E8CD66-66BC-4613-84B9-E3860CE0045A}"
EndProject
Project("{FAE04EC0-301F-11D3-BF4B-00C04F79EFBC}") = "CosNet.IDP", "CosNet.IDP\CosNet.IDP.csproj", "{981DB379-4809-4FD3-98DC-DD3685FBC77C}"
EndProject
Global
	GlobalSection(SolutionConfigurationPlatforms) = preSolution
		Debug|Any CPU = Debug|Any CPU
		Release|Any CPU = Release|Any CPU
	EndGlobalSection
	GlobalSection(ProjectConfigurationPlatforms) = postSolution
		{64703D19-646B-4641-8D1B-11EA37694398}.Debug|Any CPU.ActiveCfg = Debug|Any CPU
		{64703D19-646B-4641-8D1B-11EA37694398}.Debug|Any CPU.Build.0 = Debug|Any CPU
		{64703D19-646B-4641-8D1B-11EA37694398}.Release|Any CPU.ActiveCfg = Release|Any CPU
		{64703D19-646B-4641-8D1B-11EA37694398}.Release|Any CPU.Build.0 = Release|Any CPU
		{504E44F1-5D5E-4853-9D99-95D10F5C910D}.Debug|Any CPU.ActiveCfg = Debug|Any CPU
		{504E44F1-5D5E-4853-9D99-95D10F5C910D}.Debug|Any CPU.Build.0 = Debug|Any CPU
		{504E44F1-5D5E-4853-9D99-95D10F5C910D}.Release|Any CPU.ActiveCfg = Release|Any CPU
		{504E44F1-5D5E-4853-9D99-95D10F5C910D}.Release|Any CPU.Build.0 = Release|Any CPU
		{316113D6-5607-4368-9430-162EB846E609}.Debug|Any CPU.ActiveCfg = Debug|Any CPU
		{316113D6-5607-4368-9430-162EB846E609}.Debug|Any CPU.Build.0 = Debug|Any CPU
		{316113D6-5607-4368-9430-162EB846E609}.Release|Any CPU.ActiveCfg = Release|Any CPU
		{316113D6-5607-4368-9430-162EB846E609}.Release|Any CPU.Build.0 = Release|Any CPU
		{88E8CD66-66BC-4613-84B9-E3860CE0045A}.Debug|Any CPU.ActiveCfg = Debug|Any CPU
		{88E8CD66-66BC-4613-84B9-E3860CE0045A}.Debug|Any CPU.Build.0 = Debug|Any CPU
		{88E8CD66-66BC-4613-84B9-E3860CE0045A}.Release|Any CPU.ActiveCfg = Release|Any CPU
		{88E8CD66-66BC-4613-84B9-E3860CE0045A}.Release|Any CPU.Build.0 = Release|Any CPU
		{981DB379-4809-4FD3-98DC-DD3685FBC77C}.Debug|Any CPU.ActiveCfg = Debug|Any CPU
		{981DB379-4809-4FD3-98DC-DD3685FBC77C}.Debug|Any CPU.Build.0 = Debug|Any CPU
		{981DB379-4809-4FD3-98DC-DD3685FBC77C}.Release|Any CPU.ActiveCfg = Release|Any CPU
		{981DB379-4809-4FD3-98DC-DD3685FBC77C}.Release|Any CPU.Build.0 = Release|Any CPU
	EndGlobalSection
	GlobalSection(SolutionProperties) = preSolution
		HideSolutionNode = FALSE
	EndGlobalSection
	GlobalSection(ExtensibilityGlobals) = postSolution
		SolutionGuid = {FCB55C6C-E56E-4D60-BE8B-88C87ECF6155}
	EndGlobalSection
EndGlobal
